
Microsoft Visual Studio Solution File, Format Version 12.00
# Visual Studio Version 17
VisualStudioVersion = 17.2.32616.157
MinimumVisualStudioVersion = 10.0.40219.1
Project("{FAE04EC0-301F-11D3-BF4B-00C04F79EFBC}") = "Area of a circle Program", "Area of a circle Program.csproj", "{D4F77DE9-1822-48C9-9B0F-762B801EA6E1}"
EndProject
Global
	GlobalSection(SolutionConfigurationPlatforms) = preSolution
		Debug|Any CPU = Debug|Any CPU
		Release|Any CPU = Release|Any CPU
	EndGlobalSection
	GlobalSection(ProjectConfigurationPlatforms) = postSolution
		{D4F77DE9-1822-48C9-9B0F-762B801EA6E1}.Debug|Any CPU.ActiveCfg = Debug|Any CPU
		{D4F77DE9-1822-48C9-9B0F-762B801EA6E1}.Debug|Any CPU.Build.0 = Debug|Any CPU
		{D4F77DE9-1822-48C9-9B0F-762B801EA6E1}.Release|Any CPU.ActiveCfg = Release|Any CPU
		{D4F77DE9-1822-48C9-9B0F-762B801EA6E1}.Release|Any CPU.Build.0 = Release|Any CPU
	EndGlobalSection
	GlobalSection(SolutionProperties) = preSolution
		HideSolutionNode = FALSE
	EndGlobalSection
	GlobalSection(ExtensibilityGlobals) = postSolution
		SolutionGuid = {CEC22214-5B09-45CB-8A08-5818E1D425C9}
	EndGlobalSection
EndGlobal
